
Microsoft Visual Studio Solution File, Format Version 12.00
# Visual Studio Version 17
VisualStudioVersion = 17.10.34928.147
MinimumVisualStudioVersion = 10.0.40219.1
Project("{9A19103F-16F7-4668-BE54-9A1E7A4F7556}") = "NFind", "NFind\NFind.csproj", "{431B8020-753B-4F20-A543-3CB0B9FBA1F3}"
EndProject
Project("{FAE04EC0-301F-11D3-BF4B-00C04F79EFBC}") = "NFindTests", "NFindTests\NFindTests.csproj", "{BB252B13-4461-4476-9F60-FCEBD7FF3D99}"
EndProject
Global
	GlobalSection(SolutionConfigurationPlatforms) = preSolution
		Debug|Any CPU = Debug|Any CPU
		Release|Any CPU = Release|Any CPU
	EndGlobalSection
	GlobalSection(ProjectConfigurationPlatforms) = postSolution
		{431B8020-753B-4F20-A543-3CB0B9FBA1F3}.Debug|Any CPU.ActiveCfg = Debug|Any CPU
		{431B8020-753B-4F20-A543-3CB0B9FBA1F3}.Debug|Any CPU.Build.0 = Debug|Any CPU
		{431B8020-753B-4F20-A543-3CB0B9FBA1F3}.Release|Any CPU.ActiveCfg = Release|Any CPU
		{431B8020-753B-4F20-A543-3CB0B9FBA1F3}.Release|Any CPU.Build.0 = Release|Any CPU
		{BB252B13-4461-4476-9F60-FCEBD7FF3D99}.Debug|Any CPU.ActiveCfg = Debug|Any CPU
		{BB252B13-4461-4476-9F60-FCEBD7FF3D99}.Debug|Any CPU.Build.0 = Debug|Any CPU
		{BB252B13-4461-4476-9F60-FCEBD7FF3D99}.Release|Any CPU.ActiveCfg = Release|Any CPU
		{BB252B13-4461-4476-9F60-FCEBD7FF3D99}.Release|Any CPU.Build.0 = Release|Any CPU
	EndGlobalSection
	GlobalSection(SolutionProperties) = preSolution
		HideSolutionNode = FALSE
	EndGlobalSection
	GlobalSection(ExtensibilityGlobals) = postSolution
		SolutionGuid = {FD243F89-83D9-4C50-A9F9-515EA151D685}
	EndGlobalSection
EndGlobal
